# This file is automatically @generated by Poetry 1.5.1 and should not be changed by hand.

[[package]]
name = "pyxel"
version = "1.9.18"
description = "A retro game engine for Python"
optional = false
python-versions = ">= 3.7"
files = [
    {file = "pyxel-1.9.18-cp37-abi3-macosx_10_12_x86_64.whl", hash = "sha256:36efcd58327076abb7c32270d7aaff19230cc306f4eecc1f197955c443eb5ab9"},
    {file = "pyxel-1.9.18-cp37-abi3-macosx_11_0_arm64.whl", hash = "sha256:a4cb44f91192b87a45dba7e90f89569e75e761fdba1379d8d26de371d6b8b47f"},
    {file = "pyxel-1.9.18-cp37-abi3-manylinux_2_17_aarch64.manylinux2014_aarch64.whl", hash = "sha256:b59f10e32f76c182f7aa05c05fb3cff8c419a0c2f3db2b8a93bcff5e2ea2efb7"},
    {file = "pyxel-1.9.18-cp37-abi3-manylinux_2_17_armv7l.manylinux2014_armv7l.whl", hash = "sha256:f92f27103a3ccd89c5fd328857a2aa43bc7ccbae7d7bdf98b3c1afc3deee5c56"},
    {file = "pyxel-1.9.18-cp37-abi3-manylinux_2_17_i686.manylinux2014_i686.whl", hash = "sha256:fb1a1f1bc3dc9d926c52d190af01aa9af026a9e0684327406575c1b30143f8fd"},
    {file = "pyxel-1.9.18-cp37-abi3-manylinux_2_17_x86_64.manylinux2014_x86_64.whl", hash = "sha256:ef8cf6d16d8a6068a6093101d466986130f5c2fe6efd8364a8d7fee851c3ca53"},
    {file = "pyxel-1.9.18-cp37-abi3-win32.whl", hash = "sha256:bd23151188bd33a3a42f5a492f312ed983a78b4ae7292857822ecc5925d1372d"},
    {file = "pyxel-1.9.18-cp37-abi3-win_amd64.whl", hash = "sha256:531e262e4a51f2ca1967bcdd080b981a4a724ae07b340873075c720a18b1e42d"},
]

[metadata]
lock-version = "2.0"
python-versions = "^3.11"
content-hash = "5c099ede12b37043d541a380436ce9224f9b1e5901e1c6d63dc007c2a039ee2a"
